// !$*UTF8*$!
{
	archiveVersion = 1;
	classes = {
	};
	objectVersion = 46;
	objects = {

/* Begin PBXBuildFile section */
		1AF925AD1C5DC7CC00B5A550 /* MealTableViewCell.swift in Sources */ = {isa = PBXBuildFile; fileRef = 1AF925AC1C5DC7CC00B5A550 /* MealTableViewCell.swift */; };
		1AF925AF1C5E414000B5A550 /* MealTableViewController.swift in Sources */ = {isa = PBXBuildFile; fileRef = 1AF925AE1C5E414000B5A550 /* MealTableViewController.swift */; };
		6773558E1C5D152E00A2CEAE /* RatingControl.swift in Sources */ = {isa = PBXBuildFile; fileRef = 6773558D1C5D152E00A2CEAE /* RatingControl.swift */; };
		677355921C5D2ED600A2CEAE /* CosmosDistrib.swift in Sources */ = {isa = PBXBuildFile; fileRef = 677355911C5D2ED600A2CEAE /* CosmosDistrib.swift */; };
		677355941C5D936800A2CEAE /* Meal.swift in Sources */ = {isa = PBXBuildFile; fileRef = 677355931C5D936800A2CEAE /* Meal.swift */; };
		677355951C5D936800A2CEAE /* Meal.swift in Sources */ = {isa = PBXBuildFile; fileRef = 677355931C5D936800A2CEAE /* Meal.swift */; };
		67BC54831C59EAB700A9A7C8 /* AppDelegate.swift in Sources */ = {isa = PBXBuildFile; fileRef = 67BC54821C59EAB700A9A7C8 /* AppDelegate.swift */; };
		67BC54851C59EAB700A9A7C8 /* MealViewController.swift in Sources */ = {isa = PBXBuildFile; fileRef = 67BC54841C59EAB700A9A7C8 /* MealViewController.swift */; };
		67BC54881C59EAB700A9A7C8 /* Main.storyboard in Resources */ = {isa = PBXBuildFile; fileRef = 67BC54861C59EAB700A9A7C8 /* Main.storyboard */; };
		67BC548A1C59EAB700A9A7C8 /* Assets.xcassets in Resources */ = {isa = PBXBuildFile; fileRef = 67BC54891C59EAB700A9A7C8 /* Assets.xcassets */; };
		67BC548D1C59EAB700A9A7C8 /* LaunchScreen.storyboard in Resources */ = {isa = PBXBuildFile; fileRef = 67BC548B1C59EAB700A9A7C8 /* LaunchScreen.storyboard */; };
		67BC54981C59EAB700A9A7C8 /* FoodTruckerTests.swift in Sources */ = {isa = PBXBuildFile; fileRef = 67BC54971C59EAB700A9A7C8 /* FoodTruckerTests.swift */; };
/* End PBXBuildFile section */

/* Begin PBXContainerItemProxy section */
		67BC54941C59EAB700A9A7C8 /* PBXContainerItemProxy */ = {
			isa = PBXContainerItemProxy;
			containerPortal = 67BC54771C59EAB700A9A7C8 /* Project object */;
			proxyType = 1;
			remoteGlobalIDString = 67BC547E1C59EAB700A9A7C8;
			remoteInfo = FoodTrucker;
		};
/* End PBXContainerItemProxy section */

/* Begin PBXCopyFilesBuildPhase section */
		1AF925CD1C64725F00B5A550 /* Embed Frameworks */ = {
			isa = PBXCopyFilesBuildPhase;
			buildActionMask = 2147483647;
			dstPath = "";
			dstSubfolderSpec = 10;
			files = (
			);
			name = "Embed Frameworks";
			runOnlyForDeploymentPostprocessing = 0;
		};
/* End PBXCopyFilesBuildPhase section */

/* Begin PBXFileReference section */
		1AF925AC1C5DC7CC00B5A550 /* MealTableViewCell.swift */ = {isa = PBXFileReference; fileEncoding = 4; lastKnownFileType = sourcecode.swift; path = MealTableViewCell.swift; sourceTree = "<group>"; };
		1AF925AE1C5E414000B5A550 /* MealTableViewController.swift */ = {isa = PBXFileReference; fileEncoding = 4; lastKnownFileType = sourcecode.swift; path = MealTableViewController.swift; sourceTree = "<group>"; };
		6773558D1C5D152E00A2CEAE /* RatingControl.swift */ = {isa = PBXFileReference; fileEncoding = 4; lastKnownFileType = sourcecode.swift; path = RatingControl.swift; sourceTree = "<group>"; };
		677355911C5D2ED600A2CEAE /* CosmosDistrib.swift */ = {isa = PBXFileReference; fileEncoding = 4; lastKnownFileType = sourcecode.swift; path = CosmosDistrib.swift; sourceTree = "<group>"; };
		677355931C5D936800A2CEAE /* Meal.swift */ = {isa = PBXFileReference; fileEncoding = 4; lastKnownFileType = sourcecode.swift; path = Meal.swift; sourceTree = "<group>"; };
		67BC547F1C59EAB700A9A7C8 /* FoodTrucker.app */ = {isa = PBXFileReference; explicitFileType = wrapper.application; includeInIndex = 0; path = FoodTrucker.app; sourceTree = BUILT_PRODUCTS_DIR; };
		67BC54821C59EAB700A9A7C8 /* AppDelegate.swift */ = {isa = PBXFileReference; lastKnownFileType = sourcecode.swift; path = AppDelegate.swift; sourceTree = "<group>"; };
		67BC54841C59EAB700A9A7C8 /* MealViewController.swift */ = {isa = PBXFileReference; lastKnownFileType = sourcecode.swift; path = MealViewController.swift; sourceTree = "<group>"; };
		67BC54871C59EAB700A9A7C8 /* Base */ = {isa = PBXFileReference; lastKnownFileType = file.storyboard; name = Base; path = Base.lproj/Main.storyboard; sourceTree = "<group>"; };
		67BC54891C59EAB700A9A7C8 /* Assets.xcassets */ = {isa = PBXFileReference; lastKnownFileType = folder.assetcatalog; path = Assets.xcassets; sourceTree = "<group>"; };
		67BC548C1C59EAB700A9A7C8 /* Base */ = {isa = PBXFileReference; lastKnownFileType = file.storyboard; name = Base; path = Base.lproj/LaunchScreen.storyboard; sourceTree = "<group>"; };
		67BC548E1C59EAB700A9A7C8 /* Info.plist */ = {isa = PBXFileReference; lastKnownFileType = text.plist.xml; path = Info.plist; sourceTree = "<group>"; };
		67BC54931C59EAB700A9A7C8 /* FoodTruckerTests.xctest */ = {isa = PBXFileReference; explicitFileType = wrapper.cfbundle; includeInIndex = 0; path = FoodTruckerTests.xctest; sourceTree = BUILT_PRODUCTS_DIR; };
		67BC54971C59EAB700A9A7C8 /* FoodTruckerTests.swift */ = {isa = PBXFileReference; lastKnownFileType = sourcecode.swift; path = FoodTruckerTests.swift; sourceTree = "<group>"; };
		67BC54991C59EAB700A9A7C8 /* Info.plist */ = {isa = PBXFileReference; lastKnownFileType = text.plist.xml; path = Info.plist; sourceTree = "<group>"; };
/* End PBXFileReference section */

/* Begin PBXFrameworksBuildPhase section */
		67BC547C1C59EAB700A9A7C8 /* Frameworks */ = {
			isa = PBXFrameworksBuildPhase;
			buildActionMask = 2147483647;
			files = (
			);
			runOnlyForDeploymentPostprocessing = 0;
		};
		67BC54901C59EAB700A9A7C8 /* Frameworks */ = {
			isa = PBXFrameworksBuildPhase;
			buildActionMask = 2147483647;
			files = (
			);
			runOnlyForDeploymentPostprocessing = 0;
		};
/* End PBXFrameworksBuildPhase section */

/* Begin PBXGroup section */
		67BC54761C59EAB700A9A7C8 = {
			isa = PBXGroup;
			children = (
				67BC54811C59EAB700A9A7C8 /* FoodTrucker */,
				67BC54961C59EAB700A9A7C8 /* FoodTruckerTests */,
				67BC54801C59EAB700A9A7C8 /* Products */,
			);
			sourceTree = "<group>";
		};
		67BC54801C59EAB700A9A7C8 /* Products */ = {
			isa = PBXGroup;
			children = (
				67BC547F1C59EAB700A9A7C8 /* FoodTrucker.app */,
				67BC54931C59EAB700A9A7C8 /* FoodTruckerTests.xctest */,
			);
			name = Products;
			sourceTree = "<group>";
		};
		67BC54811C59EAB700A9A7C8 /* FoodTrucker */ = {
			isa = PBXGroup;
			children = (
				677355911C5D2ED600A2CEAE /* CosmosDistrib.swift */,
				67BC54821C59EAB700A9A7C8 /* AppDelegate.swift */,
				67BC54841C59EAB700A9A7C8 /* MealViewController.swift */,
				677355931C5D936800A2CEAE /* Meal.swift */,
				67BC54861C59EAB700A9A7C8 /* Main.storyboard */,
				1AF925AE1C5E414000B5A550 /* MealTableViewController.swift */,
				1AF925AC1C5DC7CC00B5A550 /* MealTableViewCell.swift */,
				6773558D1C5D152E00A2CEAE /* RatingControl.swift */,
				67BC54891C59EAB700A9A7C8 /* Assets.xcassets */,
				67BC548B1C59EAB700A9A7C8 /* LaunchScreen.storyboard */,
				67BC548E1C59EAB700A9A7C8 /* Info.plist */,
			);
			path = FoodTrucker;
			sourceTree = "<group>";
		};
		67BC54961C59EAB700A9A7C8 /* FoodTruckerTests */ = {
			isa = PBXGroup;
			children = (
				67BC54971C59EAB700A9A7C8 /* FoodTruckerTests.swift */,
				67BC54991C59EAB700A9A7C8 /* Info.plist */,
			);
			path = FoodTruckerTests;
			sourceTree = "<group>";
		};
/* End PBXGroup section */

/* Begin PBXNativeTarget section */
		67BC547E1C59EAB700A9A7C8 /* FoodTrucker */ = {
			isa = PBXNativeTarget;
			buildConfigurationList = 67BC549C1C59EAB700A9A7C8 /* Build configuration list for PBXNativeTarget "FoodTrucker" */;
			buildPhases = (
				67BC547B1C59EAB700A9A7C8 /* Sources */,
				67BC547C1C59EAB700A9A7C8 /* Frameworks */,
				67BC547D1C59EAB700A9A7C8 /* Resources */,
				1AF925CD1C64725F00B5A550 /* Embed Frameworks */,
			);
			buildRules = (
			);
			dependencies = (
			);
			name = FoodTrucker;
			productName = FoodTrucker;
			productReference = 67BC547F1C59EAB700A9A7C8 /* FoodTrucker.app */;
			productType = "com.apple.product-type.application";
		};
		67BC54921C59EAB700A9A7C8 /* FoodTruckerTests */ = {
			isa = PBXNativeTarget;
			buildConfigurationList = 67BC549F1C59EAB700A9A7C8 /* Build configuration list for PBXNativeTarget "FoodTruckerTests" */;
			buildPhases = (
				67BC548F1C59EAB700A9A7C8 /* Sources */,
				67BC54901C59EAB700A9A7C8 /* Frameworks */,
				67BC54911C59EAB700A9A7C8 /* Resources */,
			);
			buildRules = (
			);
			dependencies = (
				67BC54951C59EAB700A9A7C8 /* PBXTargetDependency */,
			);
			name = FoodTruckerTests;
			productName = FoodTruckerTests;
			productReference = 67BC54931C59EAB700A9A7C8 /* FoodTruckerTests.xctest */;
			productType = "com.apple.product-type.bundle.unit-test";
		};
/* End PBXNativeTarget section */

/* Begin PBXProject section */
		67BC54771C59EAB700A9A7C8 /* Project object */ = {
			isa = PBXProject;
			attributes = {
				LastSwiftUpdateCheck = 0730;
				LastUpgradeCheck = 0730;
				ORGANIZATIONNAME = "DR WHO";
				TargetAttributes = {
					67BC547E1C59EAB700A9A7C8 = {
						CreatedOnToolsVersion = 7.3;
					};
					67BC54921C59EAB700A9A7C8 = {
						CreatedOnToolsVersion = 7.3;
						TestTargetID = 67BC547E1C59EAB700A9A7C8;
					};
				};
			};
			buildConfigurationList = 67BC547A1C59EAB700A9A7C8 /* Build configuration list for PBXProject "FoodTrucker" */;
			compatibilityVersion = "Xcode 3.2";
			developmentRegion = English;
			hasScannedForEncodings = 0;
			knownRegions = (
				en,
				Base,
			);
			mainGroup = 67BC54761C59EAB700A9A7C8;
			productRefGroup = 67BC54801C59EAB700A9A7C8 /* Products */;
			projectDirPath = "";
			projectRoot = "";
			targets = (
				67BC547E1C59EAB700A9A7C8 /* FoodTrucker */,
				67BC54921C59EAB700A9A7C8 /* FoodTruckerTests */,
			);
		};
/* End PBXProject section */

/* Begin PBXResourcesBuildPhase section */
		67BC547D1C59EAB700A9A7C8 /* Resources */ = {
			isa = PBXResourcesBuildPhase;
			buildActionMask = 2147483647;
			files = (
				67BC548D1C59EAB700A9A7C8 /* LaunchScreen.storyboard in Resources */,
				67BC548A1C59EAB700A9A7C8 /* Assets.xcassets in Resources */,
				67BC54881C59EAB700A9A7C8 /* Main.storyboard in Resources */,
			);
			runOnlyForDeploymentPostprocessing = 0;
		};
		67BC54911C59EAB700A9A7C8 /* Resources */ = {
			isa = PBXResourcesBuildPhase;
			buildActionMask = 2147483647;
			files = (
			);
			runOnlyForDeploymentPostprocessing = 0;
		};
/* End PBXResourcesBuildPhase section */

/* Begin PBXSourcesBuildPhase section */
		67BC547B1C59EAB700A9A7C8 /* Sources */ = {
			isa = PBXSourcesBuildPhase;
			buildActionMask = 2147483647;
			files = (
				677355941C5D936800A2CEAE /* Meal.swift in Sources */,
				67BC54851C59EAB700A9A7C8 /* MealViewController.swift in Sources */,
				1AF925AF1C5E414000B5A550 /* MealTableViewController.swift in Sources */,
				1AF925AD1C5DC7CC00B5A550 /* MealTableViewCell.swift in Sources */,
				6773558E1C5D152E00A2CEAE /* RatingControl.swift in Sources */,
				67BC54831C59EAB700A9A7C8 /* AppDelegate.swift in Sources */,
				677355921C5D2ED600A2CEAE /* CosmosDistrib.swift in Sources */,
			);
			runOnlyForDeploymentPostprocessing = 0;
		};
		67BC548F1C59EAB700A9A7C8 /* Sources */ = {
			isa = PBXSourcesBuildPhase;
			buildActionMask = 2147483647;
			files = (
				677355951C5D936800A2CEAE /* Meal.swift in Sources */,
				67BC54981C59EAB700A9A7C8 /* FoodTruckerTests.swift in Sources */,
			);
			runOnlyForDeploymentPostprocessing = 0;
		};
/* End PBXSourcesBuildPhase section */

/* Begin PBXTargetDependency section */
		67BC54951C59EAB700A9A7C8 /* PBXTargetDependency */ = {
			isa = PBXTargetDependency;
			target = 67BC547E1C59EAB700A9A7C8 /* FoodTrucker */;
			targetProxy = 67BC54941C59EAB700A9A7C8 /* PBXContainerItemProxy */;
		};
/* End PBXTargetDependency section */

/* Begin PBXVariantGroup section */
		67BC54861C59EAB700A9A7C8 /* Main.storyboard */ = {
			isa = PBXVariantGroup;
			children = (
				67BC54871C59EAB700A9A7C8 /* Base */,
			);
			name = Main.storyboard;
			sourceTree = "<group>";
		};
		67BC548B1C59EAB700A9A7C8 /* LaunchScreen.storyboard */ = {
			isa = PBXVariantGroup;
			children = (
				67BC548C1C59EAB700A9A7C8 /* Base */,
			);
			name = LaunchScreen.storyboard;
			sourceTree = "<group>";
		};
/* End PBXVariantGroup section */

/* Begin XCBuildConfiguration section */
		67BC549A1C59EAB700A9A7C8 /* Debug */ = {
			isa = XCBuildConfiguration;
			buildSettings = {
				ALWAYS_SEARCH_USER_PATHS = NO;
				CLANG_CXX_LANGUAGE_STANDARD = "gnu++0x";
				CLANG_CXX_LIBRARY = "libc++";
				CLANG_ENABLE_MODULES = YES;
				CLANG_ENABLE_OBJC_ARC = YES;
				CLANG_WARN_BOOL_CONVERSION = YES;
				CLANG_WARN_CONSTANT_CONVERSION = YES;
				CLANG_WARN_DIRECT_OBJC_ISA_USAGE = YES_ERROR;
				CLANG_WARN_EMPTY_BODY = YES;
				CLANG_WARN_ENUM_CONVERSION = YES;
				CLANG_WARN_INT_CONVERSION = YES;
				CLANG_WARN_OBJC_ROOT_CLASS = YES_ERROR;
				CLANG_WARN_UNREACHABLE_CODE = YES;
				CLANG_WARN__DUPLICATE_METHOD_MATCH = YES;
				"CODE_SIGN_IDENTITY[sdk=iphoneos*]" = "iPhone Developer";
				COPY_PHASE_STRIP = NO;
				DEBUG_INFORMATION_FORMAT = dwarf;
				ENABLE_STRICT_OBJC_MSGSEND = YES;
				ENABLE_TESTABILITY = YES;
				GCC_C_LANGUAGE_STANDARD = gnu99;
				GCC_DYNAMIC_NO_PIC = NO;
				GCC_NO_COMMON_BLOCKS = YES;
				GCC_OPTIMIZATION_LEVEL = 0;
				GCC_PREPROCESSOR_DEFINITIONS = (
					"DEBUG=1",
					"$(inherited)",
				);
				GCC_WARN_64_TO_32_BIT_CONVERSION = YES;
				GCC_WARN_ABOUT_RETURN_TYPE = YES_ERROR;
				GCC_WARN_UNDECLARED_SELECTOR = YES;
				GCC_WARN_UNINITIALIZED_AUTOS = YES_AGGRESSIVE;
				GCC_WARN_UNUSED_FUNCTION = YES;
				GCC_WARN_UNUSED_VARIABLE = YES;
				IPHONEOS_DEPLOYMENT_TARGET = 9.3;
				MTL_ENABLE_DEBUG_INFO = YES;
				ONLY_ACTIVE_ARCH = YES;
				SDKROOT = iphoneos;
				SWIFT_OPTIMIZATION_LEVEL = "-Onone";
				TARGETED_DEVICE_FAMILY = "1,2";
			};
			name = Debug;
		};
		67BC549B1C59EAB700A9A7C8 /* Release */ = {
			isa = XCBuildConfiguration;
			buildSettings = {
				ALWAYS_SEARCH_USER_PATHS = NO;
				CLANG_CXX_LANGUAGE_STANDARD = "gnu++0x";
				CLANG_CXX_LIBRARY = "libc++";
				CLANG_ENABLE_MODULES = YES;
				CLANG_ENABLE_OBJC_ARC = YES;
				CLANG_WARN_BOOL_CONVERSION = YES;
				CLANG_WARN_CONSTANT_CONVERSION = YES;
				CLANG_WARN_DIRECT_OBJC_ISA_USAGE = YES_ERROR;
				CLANG_WARN_EMPTY_BODY = YES;
				CLANG_WARN_ENUM_CONVERSION = YES;
				CLANG_WARN_INT_CONVERSION = YES;
				CLANG_WARN_OBJC_ROOT_CLASS = YES_ERROR;
				CLANG_WARN_UNREACHABLE_CODE = YES;
				CLANG_WARN__DUPLICATE_METHOD_MATCH = YES;
				"CODE_SIGN_IDENTITY[sdk=iphoneos*]" = "iPhone Developer";
				COPY_PHASE_STRIP = NO;
				DEBUG_INFORMATION_FORMAT = "dwarf-with-dsym";
				ENABLE_NS_ASSERTIONS = NO;
				ENABLE_STRICT_OBJC_MSGSEND = YES;
				GCC_C_LANGUAGE_STANDARD = gnu99;
				GCC_NO_COMMON_BLOCKS = YES;
				GCC_WARN_64_TO_32_BIT_CONVERSION = YES;
				GCC_WARN_ABOUT_RETURN_TYPE = YES_ERROR;
				GCC_WARN_UNDECLARED_SELECTOR = YES;
				GCC_WARN_UNINITIALIZED_AUTOS = YES_AGGRESSIVE;
				GCC_WARN_UNUSED_FUNCTION = YES;
				GCC_WARN_UNUSED_VARIABLE = YES;
				IPHONEOS_DEPLOYMENT_TARGET = 9.3;
				MTL_ENABLE_DEBUG_INFO = NO;
				SDKROOT = iphoneos;
				TARGETED_DEVICE_FAMILY = "1,2";
				VALIDATE_PRODUCT = YES;
			};
			name = Release;
		};
		67BC549D1C59EAB700A9A7C8 /* Debug */ = {
			isa = XCBuildConfiguration;
			buildSettings = {
				ASSETCATALOG_COMPILER_APPICON_NAME = AppIcon;
				FRAMEWORK_SEARCH_PATHS = (
					"$(inherited)",
					"$(PROJECT_DIR)",
				);
				INFOPLIST_FILE = FoodTrucker/Info.plist;
				LD_RUNPATH_SEARCH_PATHS = "$(inherited) @executable_path/Frameworks";
				PRODUCT_BUNDLE_IDENTIFIER = fooder.FoodTrucker;
				PRODUCT_NAME = "$(TARGET_NAME)";
			};
			name = Debug;
		};
		67BC549E1C59EAB700A9A7C8 /* Release */ = {
			isa = XCBuildConfiguration;
			buildSettings = {
				ASSETCATALOG_COMPILER_APPICON_NAME = AppIcon;
				FRAMEWORK_SEARCH_PATHS = (
					"$(inherited)",
					"$(PROJECT_DIR)",
				);
				INFOPLIST_FILE = FoodTrucker/Info.plist;
				LD_RUNPATH_SEARCH_PATHS = "$(inherited) @executable_path/Frameworks";
				PRODUCT_BUNDLE_IDENTIFIER = fooder.FoodTrucker;
				PRODUCT_NAME = "$(TARGET_NAME)";
			};
			name = Release;
		};
		67BC54A01C59EAB700A9A7C8 /* Debug */ = {
			isa = XCBuildConfiguration;
			buildSettings = {
				BUNDLE_LOADER = "$(TEST_HOST)";
				INFOPLIST_FILE = FoodTruckerTests/Info.plist;
				LD_RUNPATH_SEARCH_PATHS = "$(inherited) @executable_path/Frameworks @loader_path/Frameworks";
				PRODUCT_BUNDLE_IDENTIFIER = fooder.FoodTruckerTests;
				PRODUCT_NAME = "$(TARGET_NAME)";
				TEST_HOST = "$(BUILT_PRODUCTS_DIR)/FoodTrucker.app/FoodTrucker";
			};
			name = Debug;
		};
		67BC54A11C59EAB700A9A7C8 /* Release */ = {
			isa = XCBuildConfiguration;
			buildSettings = {
				BUNDLE_LOADER = "$(TEST_HOST)";
				INFOPLIST_FILE = FoodTruckerTests/Info.plist;
				LD_RUNPATH_SEARCH_PATHS = "$(inherited) @executable_path/Frameworks @loader_path/Frameworks";
				PRODUCT_BUNDLE_IDENTIFIER = fooder.FoodTruckerTests;
				PRODUCT_NAME = "$(TARGET_NAME)";
				TEST_HOST = "$(BUILT_PRODUCTS_DIR)/FoodTrucker.app/FoodTrucker";
			};
			name = Release;
		};
/* End XCBuildConfiguration section */

/* Begin XCConfigurationList section */
		67BC547A1C59EAB700A9A7C8 /* Build configuration list for PBXProject "FoodTrucker" */ = {
			isa = XCConfigurationList;
			buildConfigurations = (
				67BC549A1C59EAB700A9A7C8 /* Debug */,
				67BC549B1C59EAB700A9A7C8 /* Release */,
			);
			defaultConfigurationIsVisible = 0;
			defaultConfigurationName = Release;
		};
		67BC549C1C59EAB700A9A7C8 /* Build configuration list for PBXNativeTarget "FoodTrucker" */ = {
			isa = XCConfigurationList;
			buildConfigurations = (
				67BC549D1C59EAB700A9A7C8 /* Debug */,
				67BC549E1C59EAB700A9A7C8 /* Release */,
			);
			defaultConfigurationIsVisible = 0;
			defaultConfigurationName = Release;
		};
		67BC549F1C59EAB700A9A7C8 /* Build configuration list for PBXNativeTarget "FoodTruckerTests" */ = {
			isa = XCConfigurationList;
			buildConfigurations = (
				67BC54A01C59EAB700A9A7C8 /* Debug */,
				67BC54A11C59EAB700A9A7C8 /* Release */,
			);
			defaultConfigurationIsVisible = 0;
			defaultConfigurationName = Release;
		};
/* End XCConfigurationList section */
	};
	rootObject = 67BC54771C59EAB700A9A7C8 /* Project object */;
}
